
Microsoft Visual Studio Solution File, Format Version 12.00
# Visual Studio 15
VisualStudioVersion = 15.0.28010.2050
MinimumVisualStudioVersion = 10.0.40219.1
Project("{9A19103F-16F7-4668-BE54-9A1E7A4F7556}") = "SMSFCart", "SMSFCart\SMSFCart.csproj", "{D37B0CE9-66DE-4E4F-90A2-B2459713A743}"
EndProject
Project("{9A19103F-16F7-4668-BE54-9A1E7A4F7556}") = "SMSFCart.BOL", "SMSFCart.BOL\SMSFCart.BOL.csproj", "{C2F5C1BC-B2B7-42D2-9F08-52F7F852E865}"
EndProject
Project("{9A19103F-16F7-4668-BE54-9A1E7A4F7556}") = "SMSFCart.DAL", "SMSFCart.DAL\SMSFCart.DAL.csproj", "{885C6953-BCCD-43C2-A279-5EE134BB44AE}"
EndProject
Global
	GlobalSection(SolutionConfigurationPlatforms) = preSolution
		Debug|Any CPU = Debug|Any CPU
		Release|Any CPU = Release|Any CPU
	EndGlobalSection
	GlobalSection(ProjectConfigurationPlatforms) = postSolution
		{D37B0CE9-66DE-4E4F-90A2-B2459713A743}.Debug|Any CPU.ActiveCfg = Debug|Any CPU
		{D37B0CE9-66DE-4E4F-90A2-B2459713A743}.Debug|Any CPU.Build.0 = Debug|Any CPU
		{D37B0CE9-66DE-4E4F-90A2-B2459713A743}.Release|Any CPU.ActiveCfg = Release|Any CPU
		{D37B0CE9-66DE-4E4F-90A2-B2459713A743}.Release|Any CPU.Build.0 = Release|Any CPU
		{C2F5C1BC-B2B7-42D2-9F08-52F7F852E865}.Debug|Any CPU.ActiveCfg = Debug|Any CPU
		{C2F5C1BC-B2B7-42D2-9F08-52F7F852E865}.Debug|Any CPU.Build.0 = Debug|Any CPU
		{C2F5C1BC-B2B7-42D2-9F08-52F7F852E865}.Release|Any CPU.ActiveCfg = Release|Any CPU
		{C2F5C1BC-B2B7-42D2-9F08-52F7F852E865}.Release|Any CPU.Build.0 = Release|Any CPU
		{885C6953-BCCD-43C2-A279-5EE134BB44AE}.Debug|Any CPU.ActiveCfg = Debug|Any CPU
		{885C6953-BCCD-43C2-A279-5EE134BB44AE}.Debug|Any CPU.Build.0 = Debug|Any CPU
		{885C6953-BCCD-43C2-A279-5EE134BB44AE}.Release|Any CPU.ActiveCfg = Release|Any CPU
		{885C6953-BCCD-43C2-A279-5EE134BB44AE}.Release|Any CPU.Build.0 = Release|Any CPU
	EndGlobalSection
	GlobalSection(SolutionProperties) = preSolution
		HideSolutionNode = FALSE
	EndGlobalSection
	GlobalSection(ExtensibilityGlobals) = postSolution
		SolutionGuid = {A6C685FE-9862-46BB-ABEB-F8000DDCC6E6}
	EndGlobalSection
EndGlobal
